
Microsoft Visual Studio Solution File, Format Version 12.00
# Visual Studio Version 16
VisualStudioVersion = 16.0.30907.101
MinimumVisualStudioVersion = 10.0.40219.1
Project("{8BC9CEB8-8B4A-11D0-8D11-00A0C91BC942}") = "Task1", "Task1\Task1.vcxproj", "{75A86506-A7EC-4F43-8D2B-575C0C5824D9}"
EndProject
Project("{8BC9CEB8-8B4A-11D0-8D11-00A0C91BC942}") = "Task2", "Task2\Task2.vcxproj", "{00978510-44E9-45F1-94D7-9D267A685965}"
EndProject
Project("{8BC9CEB8-8B4A-11D0-8D11-00A0C91BC942}") = "Task3", "Task3\Task3.vcxproj", "{462D0562-3EE9-41D9-87B1-FA219C02FB9C}"
EndProject
Project("{8BC9CEB8-8B4A-11D0-8D11-00A0C91BC942}") = "Task4", "Task4\Task4.vcxproj", "{076B9E46-C7C6-4F55-A233-7B62BAAA4071}"
EndProject
Project("{8BC9CEB8-8B4A-11D0-8D11-00A0C91BC942}") = "Task5", "Task5\Task5.vcxproj", "{686989D4-5D07-4979-BA74-529FADE14078}"
EndProject
Project("{8BC9CEB8-8B4A-11D0-8D11-00A0C91BC942}") = "Task6", "Task6\Task6.vcxproj", "{77E1B477-2C17-4F28-BDFB-34D1B65DD25B}"
EndProject
Project("{8BC9CEB8-8B4A-11D0-8D11-00A0C91BC942}") = "Task7", "Task7\Task7.vcxproj", "{FE115171-77C9-474B-AB95-DF943FFADB54}"
EndProject
Project("{8BC9CEB8-8B4A-11D0-8D11-00A0C91BC942}") = "Task8", "Task8\Task8.vcxproj", "{2FCF8E57-36D8-4BD6-B79A-D741324563EC}"
EndProject
Project("{8BC9CEB8-8B4A-11D0-8D11-00A0C91BC942}") = "Task9", "Task9\Task9.vcxproj", "{FE31C589-97E6-48A5-AF11-F552282E8A15}"
EndProject
Project("{8BC9CEB8-8B4A-11D0-8D11-00A0C91BC942}") = "Task10", "Task10\Task10.vcxproj", "{0B8BC0E5-BD0B-4F3C-A539-268C6F9371F7}"
EndProject
Global
	GlobalSection(SolutionConfigurationPlatforms) = preSolution
		Debug|x64 = Debug|x64
		Debug|x86 = Debug|x86
		Release|x64 = Release|x64
		Release|x86 = Release|x86
	EndGlobalSection
	GlobalSection(ProjectConfigurationPlatforms) = postSolution
		{75A86506-A7EC-4F43-8D2B-575C0C5824D9}.Debug|x64.ActiveCfg = Debug|x64
		{75A86506-A7EC-4F43-8D2B-575C0C5824D9}.Debug|x64.Build.0 = Debug|x64
		{75A86506-A7EC-4F43-8D2B-575C0C5824D9}.Debug|x86.ActiveCfg = Debug|Win32
		{75A86506-A7EC-4F43-8D2B-575C0C5824D9}.Debug|x86.Build.0 = Debug|Win32
		{75A86506-A7EC-4F43-8D2B-575C0C5824D9}.Release|x64.ActiveCfg = Release|x64
		{75A86506-A7EC-4F43-8D2B-575C0C5824D9}.Release|x64.Build.0 = Release|x64
		{75A86506-A7EC-4F43-8D2B-575C0C5824D9}.Release|x86.ActiveCfg = Release|Win32
		{75A86506-A7EC-4F43-8D2B-575C0C5824D9}.Release|x86.Build.0 = Release|Win32
		{00978510-44E9-45F1-94D7-9D267A685965}.Debug|x64.ActiveCfg = Debug|x64
		{00978510-44E9-45F1-94D7-9D267A685965}.Debug|x64.Build.0 = Debug|x64
		{00978510-44E9-45F1-94D7-9D267A685965}.Debug|x86.ActiveCfg = Debug|Win32
		{00978510-44E9-45F1-94D7-9D267A685965}.Debug|x86.Build.0 = Debug|Win32
		{00978510-44E9-45F1-94D7-9D267A685965}.Release|x64.ActiveCfg = Release|x64
		{00978510-44E9-45F1-94D7-9D267A685965}.Release|x64.Build.0 = Release|x64
		{00978510-44E9-45F1-94D7-9D267A685965}.Release|x86.ActiveCfg = Release|Win32
		{00978510-44E9-45F1-94D7-9D267A685965}.Release|x86.Build.0 = Release|Win32
		{462D0562-3EE9-41D9-87B1-FA219C02FB9C}.Debug|x64.ActiveCfg = Debug|x64
		{462D0562-3EE9-41D9-87B1-FA219C02FB9C}.Debug|x64.Build.0 = Debug|x64
		{462D0562-3EE9-41D9-87B1-FA219C02FB9C}.Debug|x86.ActiveCfg = Debug|Win32
		{462D0562-3EE9-41D9-87B1-FA219C02FB9C}.Debug|x86.Build.0 = Debug|Win32
		{462D0562-3EE9-41D9-87B1-FA219C02FB9C}.Release|x64.ActiveCfg = Release|x64
		{462D0562-3EE9-41D9-87B1-FA219C02FB9C}.Release|x64.Build.0 = Release|x64
		{462D0562-3EE9-41D9-87B1-FA219C02FB9C}.Release|x86.ActiveCfg = Release|Win32
		{462D0562-3EE9-41D9-87B1-FA219C02FB9C}.Release|x86.Build.0 = Release|Win32
		{076B9E46-C7C6-4F55-A233-7B62BAAA4071}.Debug|x64.ActiveCfg = Debug|x64
		{076B9E46-C7C6-4F55-A233-7B62BAAA4071}.Debug|x64.Build.0 = Debug|x64
		{076B9E46-C7C6-4F55-A233-7B62BAAA4071}.Debug|x86.ActiveCfg = Debug|Win32
		{076B9E46-C7C6-4F55-A233-7B62BAAA4071}.Debug|x86.Build.0 = Debug|Win32
		{076B9E46-C7C6-4F55-A233-7B62BAAA4071}.Release|x64.ActiveCfg = Release|x64
		{076B9E46-C7C6-4F55-A233-7B62BAAA4071}.Release|x64.Build.0 = Release|x64
		{076B9E46-C7C6-4F55-A233-7B62BAAA4071}.Release|x86.ActiveCfg = Release|Win32
		{076B9E46-C7C6-4F55-A233-7B62BAAA4071}.Release|x86.Build.0 = Release|Win32
		{686989D4-5D07-4979-BA74-529FADE14078}.Debug|x64.ActiveCfg = Debug|x64
		{686989D4-5D07-4979-BA74-529FADE14078}.Debug|x64.Build.0 = Debug|x64
		{686989D4-5D07-4979-BA74-529FADE14078}.Debug|x86.ActiveCfg = Debug|Win32
		{686989D4-5D07-4979-BA74-529FADE14078}.Debug|x86.Build.0 = Debug|Win32
		{686989D4-5D07-4979-BA74-529FADE14078}.Release|x64.ActiveCfg = Release|x64
		{686989D4-5D07-4979-BA74-529FADE14078}.Release|x64.Build.0 = Release|x64
		{686989D4-5D07-4979-BA74-529FADE14078}.Release|x86.ActiveCfg = Release|Win32
		{686989D4-5D07-4979-BA74-529FADE14078}.Release|x86.Build.0 = Release|Win32
		{77E1B477-2C17-4F28-BDFB-34D1B65DD25B}.Debug|x64.ActiveCfg = Debug|x64
		{77E1B477-2C17-4F28-BDFB-34D1B65DD25B}.Debug|x64.Build.0 = Debug|x64
		{77E1B477-2C17-4F28-BDFB-34D1B65DD25B}.Debug|x86.ActiveCfg = Debug|Win32
		{77E1B477-2C17-4F28-BDFB-34D1B65DD25B}.Debug|x86.Build.0 = Debug|Win32
		{77E1B477-2C17-4F28-BDFB-34D1B65DD25B}.Release|x64.ActiveCfg = Release|x64
		{77E1B477-2C17-4F28-BDFB-34D1B65DD25B}.Release|x64.Build.0 = Release|x64
		{77E1B477-2C17-4F28-BDFB-34D1B65DD25B}.Release|x86.ActiveCfg = Release|Win32
		{77E1B477-2C17-4F28-BDFB-34D1B65DD25B}.Release|x86.Build.0 = Release|Win32
		{FE115171-77C9-474B-AB95-DF943FFADB54}.Debug|x64.ActiveCfg = Debug|x64
		{FE115171-77C9-474B-AB95-DF943FFADB54}.Debug|x64.Build.0 = Debug|x64
		{FE115171-77C9-474B-AB95-DF943FFADB54}.Debug|x86.ActiveCfg = Debug|Win32
		{FE115171-77C9-474B-AB95-DF943FFADB54}.Debug|x86.Build.0 = Debug|Win32
		{FE115171-77C9-474B-AB95-DF943FFADB54}.Release|x64.ActiveCfg = Release|x64
		{FE115171-77C9-474B-AB95-DF943FFADB54}.Release|x64.Build.0 = Release|x64
		{FE115171-77C9-474B-AB95-DF943FFADB54}.Release|x86.ActiveCfg = Release|Win32
		{FE115171-77C9-474B-AB95-DF943FFADB54}.Release|x86.Build.0 = Release|Win32
		{2FCF8E57-36D8-4BD6-B79A-D741324563EC}.Debug|x64.ActiveCfg = Debug|x64
		{2FCF8E57-36D8-4BD6-B79A-D741324563EC}.Debug|x64.Build.0 = Debug|x64
		{2FCF8E57-36D8-4BD6-B79A-D741324563EC}.Debug|x86.ActiveCfg = Debug|Win32
		{2FCF8E57-36D8-4BD6-B79A-D741324563EC}.Debug|x86.Build.0 = Debug|Win32
		{2FCF8E57-36D8-4BD6-B79A-D741324563EC}.Release|x64.ActiveCfg = Release|x64
		{2FCF8E57-36D8-4BD6-B79A-D741324563EC}.Release|x64.Build.0 = Release|x64
		{2FCF8E57-36D8-4BD6-B79A-D741324563EC}.Release|x86.ActiveCfg = Release|Win32
		{2FCF8E57-36D8-4BD6-B79A-D741324563EC}.Release|x86.Build.0 = Release|Win32
		{FE31C589-97E6-48A5-AF11-F552282E8A15}.Debug|x64.ActiveCfg = Debug|x64
		{FE31C589-97E6-48A5-AF11-F552282E8A15}.Debug|x64.Build.0 = Debug|x64
		{FE31C589-97E6-48A5-AF11-F552282E8A15}.Debug|x86.ActiveCfg = Debug|Win32
		{FE31C589-97E6-48A5-AF11-F552282E8A15}.Debug|x86.Build.0 = Debug|Win32
		{FE31C589-97E6-48A5-AF11-F552282E8A15}.Release|x64.ActiveCfg = Release|x64
		{FE31C589-97E6-48A5-AF11-F552282E8A15}.Release|x64.Build.0 = Release|x64
		{FE31C589-97E6-48A5-AF11-F552282E8A15}.Release|x86.ActiveCfg = Release|Win32
		{FE31C589-97E6-48A5-AF11-F552282E8A15}.Release|x86.Build.0 = Release|Win32
		{0B8BC0E5-BD0B-4F3C-A539-268C6F9371F7}.Debug|x64.ActiveCfg = Debug|x64
		{0B8BC0E5-BD0B-4F3C-A539-268C6F9371F7}.Debug|x64.Build.0 = Debug|x64
		{0B8BC0E5-BD0B-4F3C-A539-268C6F9371F7}.Debug|x86.ActiveCfg = Debug|Win32
		{0B8BC0E5-BD0B-4F3C-A539-268C6F9371F7}.Debug|x86.Build.0 = Debug|Win32
		{0B8BC0E5-BD0B-4F3C-A539-268C6F9371F7}.Release|x64.ActiveCfg = Release|x64
		{0B8BC0E5-BD0B-4F3C-A539-268C6F9371F7}.Release|x64.Build.0 = Release|x64
		{0B8BC0E5-BD0B-4F3C-A539-268C6F9371F7}.Release|x86.ActiveCfg = Release|Win32
		{0B8BC0E5-BD0B-4F3C-A539-268C6F9371F7}.Release|x86.Build.0 = Release|Win32
	EndGlobalSection
	GlobalSection(SolutionProperties) = preSolution
		HideSolutionNode = FALSE
	EndGlobalSection
	GlobalSection(ExtensibilityGlobals) = postSolution
		SolutionGuid = {C75C89FF-A33D-4E8F-A5E7-13FA66C0DCF2}
	EndGlobalSection
EndGlobal
