
Microsoft Visual Studio Solution File, Format Version 12.00
# Visual Studio Version 16
VisualStudioVersion = 16.0.30907.101
MinimumVisualStudioVersion = 10.0.40219.1
Project("{8BC9CEB8-8B4A-11D0-8D11-00A0C91BC942}") = "Task1", "Task1\Task1.vcxproj", "{09F7F475-E7BE-4C8B-92BB-DAB859542361}"
EndProject
Project("{8BC9CEB8-8B4A-11D0-8D11-00A0C91BC942}") = "Task2", "Task2\Task2.vcxproj", "{ED353D05-50C4-43FD-9819-DF5F30562302}"
EndProject
Project("{8BC9CEB8-8B4A-11D0-8D11-00A0C91BC942}") = "Task3", "Task3\Task3.vcxproj", "{A4C4B266-BAE3-4A3E-BDA5-F626A08397AF}"
EndProject
Project("{8BC9CEB8-8B4A-11D0-8D11-00A0C91BC942}") = "Task4", "Task4\Task4.vcxproj", "{6C86D278-34DC-4FFF-B8A6-B6FD7C927A8D}"
EndProject
Project("{8BC9CEB8-8B4A-11D0-8D11-00A0C91BC942}") = "Task5", "Task5\Task5.vcxproj", "{896F60D7-3C6F-490A-BC5E-7D5BCFBB90B8}"
EndProject
Project("{8BC9CEB8-8B4A-11D0-8D11-00A0C91BC942}") = "Task6", "Task6\Task6.vcxproj", "{D16819A4-8298-499A-A567-2A4180E47EA7}"
EndProject
Project("{8BC9CEB8-8B4A-11D0-8D11-00A0C91BC942}") = "Task7", "Task7\Task7.vcxproj", "{3B488374-BE8A-4706-8D06-2B2A5C7BA18B}"
EndProject
Project("{8BC9CEB8-8B4A-11D0-8D11-00A0C91BC942}") = "Task8", "Task8\Task8.vcxproj", "{59C1C9C8-A019-4D45-B261-09CC98CCA30E}"
EndProject
Project("{8BC9CEB8-8B4A-11D0-8D11-00A0C91BC942}") = "Task9", "Task9\Task9.vcxproj", "{B7FAB7C3-3625-44AC-81C9-18E873F249D7}"
EndProject
Global
	GlobalSection(SolutionConfigurationPlatforms) = preSolution
		Debug|x64 = Debug|x64
		Debug|x86 = Debug|x86
		Release|x64 = Release|x64
		Release|x86 = Release|x86
	EndGlobalSection
	GlobalSection(ProjectConfigurationPlatforms) = postSolution
		{09F7F475-E7BE-4C8B-92BB-DAB859542361}.Debug|x64.ActiveCfg = Debug|x64
		{09F7F475-E7BE-4C8B-92BB-DAB859542361}.Debug|x64.Build.0 = Debug|x64
		{09F7F475-E7BE-4C8B-92BB-DAB859542361}.Debug|x86.ActiveCfg = Debug|Win32
		{09F7F475-E7BE-4C8B-92BB-DAB859542361}.Debug|x86.Build.0 = Debug|Win32
		{09F7F475-E7BE-4C8B-92BB-DAB859542361}.Release|x64.ActiveCfg = Release|x64
		{09F7F475-E7BE-4C8B-92BB-DAB859542361}.Release|x64.Build.0 = Release|x64
		{09F7F475-E7BE-4C8B-92BB-DAB859542361}.Release|x86.ActiveCfg = Release|Win32
		{09F7F475-E7BE-4C8B-92BB-DAB859542361}.Release|x86.Build.0 = Release|Win32
		{ED353D05-50C4-43FD-9819-DF5F30562302}.Debug|x64.ActiveCfg = Debug|x64
		{ED353D05-50C4-43FD-9819-DF5F30562302}.Debug|x64.Build.0 = Debug|x64
		{ED353D05-50C4-43FD-9819-DF5F30562302}.Debug|x86.ActiveCfg = Debug|Win32
		{ED353D05-50C4-43FD-9819-DF5F30562302}.Debug|x86.Build.0 = Debug|Win32
		{ED353D05-50C4-43FD-9819-DF5F30562302}.Release|x64.ActiveCfg = Release|x64
		{ED353D05-50C4-43FD-9819-DF5F30562302}.Release|x64.Build.0 = Release|x64
		{ED353D05-50C4-43FD-9819-DF5F30562302}.Release|x86.ActiveCfg = Release|Win32
		{ED353D05-50C4-43FD-9819-DF5F30562302}.Release|x86.Build.0 = Release|Win32
		{A4C4B266-BAE3-4A3E-BDA5-F626A08397AF}.Debug|x64.ActiveCfg = Debug|x64
		{A4C4B266-BAE3-4A3E-BDA5-F626A08397AF}.Debug|x64.Build.0 = Debug|x64
		{A4C4B266-BAE3-4A3E-BDA5-F626A08397AF}.Debug|x86.ActiveCfg = Debug|Win32
		{A4C4B266-BAE3-4A3E-BDA5-F626A08397AF}.Debug|x86.Build.0 = Debug|Win32
		{A4C4B266-BAE3-4A3E-BDA5-F626A08397AF}.Release|x64.ActiveCfg = Release|x64
		{A4C4B266-BAE3-4A3E-BDA5-F626A08397AF}.Release|x64.Build.0 = Release|x64
		{A4C4B266-BAE3-4A3E-BDA5-F626A08397AF}.Release|x86.ActiveCfg = Release|Win32
		{A4C4B266-BAE3-4A3E-BDA5-F626A08397AF}.Release|x86.Build.0 = Release|Win32
		{6C86D278-34DC-4FFF-B8A6-B6FD7C927A8D}.Debug|x64.ActiveCfg = Debug|x64
		{6C86D278-34DC-4FFF-B8A6-B6FD7C927A8D}.Debug|x64.Build.0 = Debug|x64
		{6C86D278-34DC-4FFF-B8A6-B6FD7C927A8D}.Debug|x86.ActiveCfg = Debug|Win32
		{6C86D278-34DC-4FFF-B8A6-B6FD7C927A8D}.Debug|x86.Build.0 = Debug|Win32
		{6C86D278-34DC-4FFF-B8A6-B6FD7C927A8D}.Release|x64.ActiveCfg = Release|x64
		{6C86D278-34DC-4FFF-B8A6-B6FD7C927A8D}.Release|x64.Build.0 = Release|x64
		{6C86D278-34DC-4FFF-B8A6-B6FD7C927A8D}.Release|x86.ActiveCfg = Release|Win32
		{6C86D278-34DC-4FFF-B8A6-B6FD7C927A8D}.Release|x86.Build.0 = Release|Win32
		{896F60D7-3C6F-490A-BC5E-7D5BCFBB90B8}.Debug|x64.ActiveCfg = Debug|x64
		{896F60D7-3C6F-490A-BC5E-7D5BCFBB90B8}.Debug|x64.Build.0 = Debug|x64
		{896F60D7-3C6F-490A-BC5E-7D5BCFBB90B8}.Debug|x86.ActiveCfg = Debug|Win32
		{896F60D7-3C6F-490A-BC5E-7D5BCFBB90B8}.Debug|x86.Build.0 = Debug|Win32
		{896F60D7-3C6F-490A-BC5E-7D5BCFBB90B8}.Release|x64.ActiveCfg = Release|x64
		{896F60D7-3C6F-490A-BC5E-7D5BCFBB90B8}.Release|x64.Build.0 = Release|x64
		{896F60D7-3C6F-490A-BC5E-7D5BCFBB90B8}.Release|x86.ActiveCfg = Release|Win32
		{896F60D7-3C6F-490A-BC5E-7D5BCFBB90B8}.Release|x86.Build.0 = Release|Win32
		{D16819A4-8298-499A-A567-2A4180E47EA7}.Debug|x64.ActiveCfg = Debug|x64
		{D16819A4-8298-499A-A567-2A4180E47EA7}.Debug|x64.Build.0 = Debug|x64
		{D16819A4-8298-499A-A567-2A4180E47EA7}.Debug|x86.ActiveCfg = Debug|Win32
		{D16819A4-8298-499A-A567-2A4180E47EA7}.Debug|x86.Build.0 = Debug|Win32
		{D16819A4-8298-499A-A567-2A4180E47EA7}.Release|x64.ActiveCfg = Release|x64
		{D16819A4-8298-499A-A567-2A4180E47EA7}.Release|x64.Build.0 = Release|x64
		{D16819A4-8298-499A-A567-2A4180E47EA7}.Release|x86.ActiveCfg = Release|Win32
		{D16819A4-8298-499A-A567-2A4180E47EA7}.Release|x86.Build.0 = Release|Win32
		{3B488374-BE8A-4706-8D06-2B2A5C7BA18B}.Debug|x64.ActiveCfg = Debug|x64
		{3B488374-BE8A-4706-8D06-2B2A5C7BA18B}.Debug|x64.Build.0 = Debug|x64
		{3B488374-BE8A-4706-8D06-2B2A5C7BA18B}.Debug|x86.ActiveCfg = Debug|Win32
		{3B488374-BE8A-4706-8D06-2B2A5C7BA18B}.Debug|x86.Build.0 = Debug|Win32
		{3B488374-BE8A-4706-8D06-2B2A5C7BA18B}.Release|x64.ActiveCfg = Release|x64
		{3B488374-BE8A-4706-8D06-2B2A5C7BA18B}.Release|x64.Build.0 = Release|x64
		{3B488374-BE8A-4706-8D06-2B2A5C7BA18B}.Release|x86.ActiveCfg = Release|Win32
		{3B488374-BE8A-4706-8D06-2B2A5C7BA18B}.Release|x86.Build.0 = Release|Win32
		{59C1C9C8-A019-4D45-B261-09CC98CCA30E}.Debug|x64.ActiveCfg = Debug|x64
		{59C1C9C8-A019-4D45-B261-09CC98CCA30E}.Debug|x64.Build.0 = Debug|x64
		{59C1C9C8-A019-4D45-B261-09CC98CCA30E}.Debug|x86.ActiveCfg = Debug|Win32
		{59C1C9C8-A019-4D45-B261-09CC98CCA30E}.Debug|x86.Build.0 = Debug|Win32
		{59C1C9C8-A019-4D45-B261-09CC98CCA30E}.Release|x64.ActiveCfg = Release|x64
		{59C1C9C8-A019-4D45-B261-09CC98CCA30E}.Release|x64.Build.0 = Release|x64
		{59C1C9C8-A019-4D45-B261-09CC98CCA30E}.Release|x86.ActiveCfg = Release|Win32
		{59C1C9C8-A019-4D45-B261-09CC98CCA30E}.Release|x86.Build.0 = Release|Win32
		{B7FAB7C3-3625-44AC-81C9-18E873F249D7}.Debug|x64.ActiveCfg = Debug|x64
		{B7FAB7C3-3625-44AC-81C9-18E873F249D7}.Debug|x64.Build.0 = Debug|x64
		{B7FAB7C3-3625-44AC-81C9-18E873F249D7}.Debug|x86.ActiveCfg = Debug|Win32
		{B7FAB7C3-3625-44AC-81C9-18E873F249D7}.Debug|x86.Build.0 = Debug|Win32
		{B7FAB7C3-3625-44AC-81C9-18E873F249D7}.Release|x64.ActiveCfg = Release|x64
		{B7FAB7C3-3625-44AC-81C9-18E873F249D7}.Release|x64.Build.0 = Release|x64
		{B7FAB7C3-3625-44AC-81C9-18E873F249D7}.Release|x86.ActiveCfg = Release|Win32
		{B7FAB7C3-3625-44AC-81C9-18E873F249D7}.Release|x86.Build.0 = Release|Win32
	EndGlobalSection
	GlobalSection(SolutionProperties) = preSolution
		HideSolutionNode = FALSE
	EndGlobalSection
	GlobalSection(ExtensibilityGlobals) = postSolution
		SolutionGuid = {AD687277-8F0E-48FE-A213-6CA81BD0BFED}
	EndGlobalSection
EndGlobal
